
Microsoft Visual Studio Solution File, Format Version 12.00
# Visual Studio 15
VisualStudioVersion = 15.0.28010.2046
MinimumVisualStudioVersion = 10.0.40219.1
Project("{F184B08F-C81C-45F6-A57F-5ABD9991F28F}") = "Coffee", "Coffee\Coffee.vbproj", "{44673DF1-A69F-4498-A829-B26BA2D74D51}"
EndProject
Global
	GlobalSection(SolutionConfigurationPlatforms) = preSolution
		Debug|Any CPU = Debug|Any CPU
		Release|Any CPU = Release|Any CPU
	EndGlobalSection
	GlobalSection(ProjectConfigurationPlatforms) = postSolution
		{44673DF1-A69F-4498-A829-B26BA2D74D51}.Debug|Any CPU.ActiveCfg = Debug|Any CPU
		{44673DF1-A69F-4498-A829-B26BA2D74D51}.Debug|Any CPU.Build.0 = Debug|Any CPU
		{44673DF1-A69F-4498-A829-B26BA2D74D51}.Release|Any CPU.ActiveCfg = Release|Any CPU
		{44673DF1-A69F-4498-A829-B26BA2D74D51}.Release|Any CPU.Build.0 = Release|Any CPU
	EndGlobalSection
	GlobalSection(SolutionProperties) = preSolution
		HideSolutionNode = FALSE
	EndGlobalSection
	GlobalSection(ExtensibilityGlobals) = postSolution
		SolutionGuid = {AE4FD0CC-3BBE-4E43-A76C-472377F18343}
	EndGlobalSection
EndGlobal
